// !$*UTF8*$!
{
	archiveVersion = 1;
	classes = {
	};
	objectVersion = 50;
	objects = {

/* Begin PBXBuildFile section */
		84B88AEF24B0C8230072248E /* AppDelegate.swift in Sources */ = {isa = PBXBuildFile; fileRef = 84B88AEE24B0C8230072248E /* AppDelegate.swift */; };
		84B88AF124B0C8230072248E /* SceneDelegate.swift in Sources */ = {isa = PBXBuildFile; fileRef = 84B88AF024B0C8230072248E /* SceneDelegate.swift */; };
		84B88AF324B0C8230072248E /* ViewController.swift in Sources */ = {isa = PBXBuildFile; fileRef = 84B88AF224B0C8230072248E /* ViewController.swift */; };
		84B88AF624B0C8230072248E /* Main.storyboard in Resources */ = {isa = PBXBuildFile; fileRef = 84B88AF424B0C8230072248E /* Main.storyboard */; };
		84B88AF824B0C8280072248E /* Assets.xcassets in Resources */ = {isa = PBXBuildFile; fileRef = 84B88AF724B0C8280072248E /* Assets.xcassets */; };
		84B88AFB24B0C8280072248E /* LaunchScreen.storyboard in Resources */ = {isa = PBXBuildFile; fileRef = 84B88AF924B0C8280072248E /* LaunchScreen.storyboard */; };
/* End PBXBuildFile section */

/* Begin PBXFileReference section */
		84B88AEB24B0C8230072248E /* ToDoListRealm.app */ = {isa = PBXFileReference; explicitFileType = wrapper.application; includeInIndex = 0; path = ToDoListRealm.app; sourceTree = BUILT_PRODUCTS_DIR; };
		84B88AEE24B0C8230072248E /* AppDelegate.swift */ = {isa = PBXFileReference; lastKnownFileType = sourcecode.swift; path = AppDelegate.swift; sourceTree = "<group>"; };
		84B88AF024B0C8230072248E /* SceneDelegate.swift */ = {isa = PBXFileReference; lastKnownFileType = sourcecode.swift; path = SceneDelegate.swift; sourceTree = "<group>"; };
		84B88AF224B0C8230072248E /* ViewController.swift */ = {isa = PBXFileReference; lastKnownFileType = sourcecode.swift; path = ViewController.swift; sourceTree = "<group>"; };
		84B88AF524B0C8230072248E /* Base */ = {isa = PBXFileReference; lastKnownFileType = file.storyboard; name = Base; path = Base.lproj/Main.storyboard; sourceTree = "<group>"; };
		84B88AF724B0C8280072248E /* Assets.xcassets */ = {isa = PBXFileReference; lastKnownFileType = folder.assetcatalog; path = Assets.xcassets; sourceTree = "<group>"; };
		84B88AFA24B0C8280072248E /* Base */ = {isa = PBXFileReference; lastKnownFileType = file.storyboard; name = Base; path = Base.lproj/LaunchScreen.storyboard; sourceTree = "<group>"; };
		84B88AFC24B0C8280072248E /* Info.plist */ = {isa = PBXFileReference; lastKnownFileType = text.plist.xml; path = Info.plist; sourceTree = "<group>"; };
/* End PBXFileReference section */

/* Begin PBXFrameworksBuildPhase section */
		84B88AE824B0C8230072248E /* Frameworks */ = {
			isa = PBXFrameworksBuildPhase;
			buildActionMask = 2147483647;
			files = (
			);
			runOnlyForDeploymentPostprocessing = 0;
		};
/* End PBXFrameworksBuildPhase section */

/* Begin PBXGroup section */
		84B88AE224B0C8230072248E = {
			isa = PBXGroup;
			children = (
				84B88AED24B0C8230072248E /* ToDoListRealm */,
				84B88AEC24B0C8230072248E /* Products */,
			);
			sourceTree = "<group>";
		};
		84B88AEC24B0C8230072248E /* Products */ = {
			isa = PBXGroup;
			children = (
				84B88AEB24B0C8230072248E /* ToDoListRealm.app */,
			);
			name = Products;
			sourceTree = "<group>";
		};
		84B88AED24B0C8230072248E /* ToDoListRealm */ = {
			isa = PBXGroup;
			children = (
				84B88AEE24B0C8230072248E /* AppDelegate.swift */,
				84B88AF024B0C8230072248E /* SceneDelegate.swift */,
				84B88AF224B0C8230072248E /* ViewController.swift */,
				84B88AF424B0C8230072248E /* Main.storyboard */,
				84B88AF724B0C8280072248E /* Assets.xcassets */,
				84B88AF924B0C8280072248E /* LaunchScreen.storyboard */,
				84B88AFC24B0C8280072248E /* Info.plist */,
			);
			path = ToDoListRealm;
			sourceTree = "<group>";
		};
/* End PBXGroup section */

/* Begin PBXNativeTarget section */
		84B88AEA24B0C8230072248E /* ToDoListRealm */ = {
			isa = PBXNativeTarget;
			buildConfigurationList = 84B88AFF24B0C8280072248E /* Build configuration list for PBXNativeTarget "ToDoListRealm" */;
			buildPhases = (
				84B88AE724B0C8230072248E /* Sources */,
				84B88AE824B0C8230072248E /* Frameworks */,
				84B88AE924B0C8230072248E /* Resources */,
			);
			buildRules = (
			);
			dependencies = (
			);
			name = ToDoListRealm;
			productName = ToDoListRealm;
			productReference = 84B88AEB24B0C8230072248E /* ToDoListRealm.app */;
			productType = "com.apple.product-type.application";
		};
/* End PBXNativeTarget section */

/* Begin PBXProject section */
		84B88AE324B0C8230072248E /* Project object */ = {
			isa = PBXProject;
			attributes = {
				LastSwiftUpdateCheck = 1150;
				LastUpgradeCheck = 1150;
				ORGANIZATIONNAME = "Nikita Begletskiy";
				TargetAttributes = {
					84B88AEA24B0C8230072248E = {
						CreatedOnToolsVersion = 11.5;
					};
				};
			};
			buildConfigurationList = 84B88AE624B0C8230072248E /* Build configuration list for PBXProject "ToDoListRealm" */;
			compatibilityVersion = "Xcode 9.3";
			developmentRegion = en;
			hasScannedForEncodings = 0;
			knownRegions = (
				en,
				Base,
			);
			mainGroup = 84B88AE224B0C8230072248E;
			productRefGroup = 84B88AEC24B0C8230072248E /* Products */;
			projectDirPath = "";
			projectRoot = "";
			targets = (
				84B88AEA24B0C8230072248E /* ToDoListRealm */,
			);
		};
/* End PBXProject section */

/* Begin PBXResourcesBuildPhase section */
		84B88AE924B0C8230072248E /* Resources */ = {
			isa = PBXResourcesBuildPhase;
			buildActionMask = 2147483647;
			files = (
				84B88AFB24B0C8280072248E /* LaunchScreen.storyboard in Resources */,
				84B88AF824B0C8280072248E /* Assets.xcassets in Resources */,
				84B88AF624B0C8230072248E /* Main.storyboard in Resources */,
			);
			runOnlyForDeploymentPostprocessing = 0;
		};
/* End PBXResourcesBuildPhase section */

/* Begin PBXSourcesBuildPhase section */
		84B88AE724B0C8230072248E /* Sources */ = {
			isa = PBXSourcesBuildPhase;
			buildActionMask = 2147483647;
			files = (
				84B88AF324B0C8230072248E /* ViewController.swift in Sources */,
				84B88AEF24B0C8230072248E /* AppDelegate.swift in Sources */,
				84B88AF124B0C8230072248E /* SceneDelegate.swift in Sources */,
			);
			runOnlyForDeploymentPostprocessing = 0;
		};
/* End PBXSourcesBuildPhase section */

/* Begin PBXVariantGroup section */
		84B88AF424B0C8230072248E /* Main.storyboard */ = {
			isa = PBXVariantGroup;
			children = (
				84B88AF524B0C8230072248E /* Base */,
			);
			name = Main.storyboard;
			sourceTree = "<group>";
		};
		84B88AF924B0C8280072248E /* LaunchScreen.storyboard */ = {
			isa = PBXVariantGroup;
			children = (
				84B88AFA24B0C8280072248E /* Base */,
			);
			name = LaunchScreen.storyboard;
			sourceTree = "<group>";
		};
/* End PBXVariantGroup section */

/* Begin XCBuildConfiguration section */
		84B88AFD24B0C8280072248E /* Debug */ = {
			isa = XCBuildConfiguration;
			buildSettings = {
				ALWAYS_SEARCH_USER_PATHS = NO;
				CLANG_ANALYZER_NONNULL = YES;
				CLANG_ANALYZER_NUMBER_OBJECT_CONVERSION = YES_AGGRESSIVE;
				CLANG_CXX_LANGUAGE_STANDARD = "gnu++14";
				CLANG_CXX_LIBRARY = "libc++";
				CLANG_ENABLE_MODULES = YES;
				CLANG_ENABLE_OBJC_ARC = YES;
				CLANG_ENABLE_OBJC_WEAK = YES;
				CLANG_WARN_BLOCK_CAPTURE_AUTORELEASING = YES;
				CLANG_WARN_BOOL_CONVERSION = YES;
				CLANG_WARN_COMMA = YES;
				CLANG_WARN_CONSTANT_CONVERSION = YES;
				CLANG_WARN_DEPRECATED_OBJC_IMPLEMENTATIONS = YES;
				CLANG_WARN_DIRECT_OBJC_ISA_USAGE = YES_ERROR;
				CLANG_WARN_DOCUMENTATION_COMMENTS = YES;
				CLANG_WARN_EMPTY_BODY = YES;
				CLANG_WARN_ENUM_CONVERSION = YES;
				CLANG_WARN_INFINITE_RECURSION = YES;
				CLANG_WARN_INT_CONVERSION = YES;
				CLANG_WARN_NON_LITERAL_NULL_CONVERSION = YES;
				CLANG_WARN_OBJC_IMPLICIT_RETAIN_SELF = YES;
				CLANG_WARN_OBJC_LITERAL_CONVERSION = YES;
				CLANG_WARN_OBJC_ROOT_CLASS = YES_ERROR;
				CLANG_WARN_RANGE_LOOP_ANALYSIS = YES;
				CLANG_WARN_STRICT_PROTOTYPES = YES;
				CLANG_WARN_SUSPICIOUS_MOVE = YES;
				CLANG_WARN_UNGUARDED_AVAILABILITY = YES_AGGRESSIVE;
				CLANG_WARN_UNREACHABLE_CODE = YES;
				CLANG_WARN__DUPLICATE_METHOD_MATCH = YES;
				COPY_PHASE_STRIP = NO;
				DEBUG_INFORMATION_FORMAT = dwarf;
				ENABLE_STRICT_OBJC_MSGSEND = YES;
				ENABLE_TESTABILITY = YES;
				GCC_C_LANGUAGE_STANDARD = gnu11;
				GCC_DYNAMIC_NO_PIC = NO;
				GCC_NO_COMMON_BLOCKS = YES;
				GCC_OPTIMIZATION_LEVEL = 0;
				GCC_PREPROCESSOR_DEFINITIONS = (
					"DEBUG=1",
					"$(inherited)",
				);
				GCC_WARN_64_TO_32_BIT_CONVERSION = YES;
				GCC_WARN_ABOUT_RETURN_TYPE = YES_ERROR;
				GCC_WARN_UNDECLARED_SELECTOR = YES;
				GCC_WARN_UNINITIALIZED_AUTOS = YES_AGGRESSIVE;
				GCC_WARN_UNUSED_FUNCTION = YES;
				GCC_WARN_UNUSED_VARIABLE = YES;
				IPHONEOS_DEPLOYMENT_TARGET = 13.5;
				MTL_ENABLE_DEBUG_INFO = INCLUDE_SOURCE;
				MTL_FAST_MATH = YES;
				ONLY_ACTIVE_ARCH = YES;
				SDKROOT = iphoneos;
				SWIFT_ACTIVE_COMPILATION_CONDITIONS = DEBUG;
				SWIFT_OPTIMIZATION_LEVEL = "-Onone";
			};
			name = Debug;
		};
		84B88AFE24B0C8280072248E /* Release */ = {
			isa = XCBuildConfiguration;
			buildSettings = {
				ALWAYS_SEARCH_USER_PATHS = NO;
				CLANG_ANALYZER_NONNULL = YES;
				CLANG_ANALYZER_NUMBER_OBJECT_CONVERSION = YES_AGGRESSIVE;
				CLANG_CXX_LANGUAGE_STANDARD = "gnu++14";
				CLANG_CXX_LIBRARY = "libc++";
				CLANG_ENABLE_MODULES = YES;
				CLANG_ENABLE_OBJC_ARC = YES;
				CLANG_ENABLE_OBJC_WEAK = YES;
				CLANG_WARN_BLOCK_CAPTURE_AUTORELEASING = YES;
				CLANG_WARN_BOOL_CONVERSION = YES;
				CLANG_WARN_COMMA = YES;
				CLANG_WARN_CONSTANT_CONVERSION = YES;
				CLANG_WARN_DEPRECATED_OBJC_IMPLEMENTATIONS = YES;
				CLANG_WARN_DIRECT_OBJC_ISA_USAGE = YES_ERROR;
				CLANG_WARN_DOCUMENTATION_COMMENTS = YES;
				CLANG_WARN_EMPTY_BODY = YES;
				CLANG_WARN_ENUM_CONVERSION = YES;
				CLANG_WARN_INFINITE_RECURSION = YES;
				CLANG_WARN_INT_CONVERSION = YES;
				CLANG_WARN_NON_LITERAL_NULL_CONVERSION = YES;
				CLANG_WARN_OBJC_IMPLICIT_RETAIN_SELF = YES;
				CLANG_WARN_OBJC_LITERAL_CONVERSION = YES;
				CLANG_WARN_OBJC_ROOT_CLASS = YES_ERROR;
				CLANG_WARN_RANGE_LOOP_ANALYSIS = YES;
				CLANG_WARN_STRICT_PROTOTYPES = YES;
				CLANG_WARN_SUSPICIOUS_MOVE = YES;
				CLANG_WARN_UNGUARDED_AVAILABILITY = YES_AGGRESSIVE;
				CLANG_WARN_UNREACHABLE_CODE = YES;
				CLANG_WARN__DUPLICATE_METHOD_MATCH = YES;
				COPY_PHASE_STRIP = NO;
				DEBUG_INFORMATION_FORMAT = "dwarf-with-dsym";
				ENABLE_NS_ASSERTIONS = NO;
				ENABLE_STRICT_OBJC_MSGSEND = YES;
				GCC_C_LANGUAGE_STANDARD = gnu11;
				GCC_NO_COMMON_BLOCKS = YES;
				GCC_WARN_64_TO_32_BIT_CONVERSION = YES;
				GCC_WARN_ABOUT_RETURN_TYPE = YES_ERROR;
				GCC_WARN_UNDECLARED_SELECTOR = YES;
				GCC_WARN_UNINITIALIZED_AUTOS = YES_AGGRESSIVE;
				GCC_WARN_UNUSED_FUNCTION = YES;
				GCC_WARN_UNUSED_VARIABLE = YES;
				IPHONEOS_DEPLOYMENT_TARGET = 13.5;
				MTL_ENABLE_DEBUG_INFO = NO;
				MTL_FAST_MATH = YES;
				SDKROOT = iphoneos;
				SWIFT_COMPILATION_MODE = wholemodule;
				SWIFT_OPTIMIZATION_LEVEL = "-O";
				VALIDATE_PRODUCT = YES;
			};
			name = Release;
		};
		84B88B0024B0C8280072248E /* Debug */ = {
			isa = XCBuildConfiguration;
			buildSettings = {
				ASSETCATALOG_COMPILER_APPICON_NAME = AppIcon;
				CODE_SIGN_STYLE = Automatic;
				DEVELOPMENT_TEAM = YK2X3DL675;
				INFOPLIST_FILE = ToDoListRealm/Info.plist;
				LD_RUNPATH_SEARCH_PATHS = (
					"$(inherited)",
					"@executable_path/Frameworks",
				);
				PRODUCT_BUNDLE_IDENTIFIER = com.begletskiy.ToDoListRealm;
				PRODUCT_NAME = "$(TARGET_NAME)";
				SWIFT_VERSION = 5.0;
				TARGETED_DEVICE_FAMILY = "1,2";
			};
			name = Debug;
		};
		84B88B0124B0C8280072248E /* Release */ = {
			isa = XCBuildConfiguration;
			buildSettings = {
				ASSETCATALOG_COMPILER_APPICON_NAME = AppIcon;
				CODE_SIGN_STYLE = Automatic;
				DEVELOPMENT_TEAM = YK2X3DL675;
				INFOPLIST_FILE = ToDoListRealm/Info.plist;
				LD_RUNPATH_SEARCH_PATHS = (
					"$(inherited)",
					"@executable_path/Frameworks",
				);
				PRODUCT_BUNDLE_IDENTIFIER = com.begletskiy.ToDoListRealm;
				PRODUCT_NAME = "$(TARGET_NAME)";
				SWIFT_VERSION = 5.0;
				TARGETED_DEVICE_FAMILY = "1,2";
			};
			name = Release;
		};
/* End XCBuildConfiguration section */

/* Begin XCConfigurationList section */
		84B88AE624B0C8230072248E /* Build configuration list for PBXProject "ToDoListRealm" */ = {
			isa = XCConfigurationList;
			buildConfigurations = (
				84B88AFD24B0C8280072248E /* Debug */,
				84B88AFE24B0C8280072248E /* Release */,
			);
			defaultConfigurationIsVisible = 0;
			defaultConfigurationName = Release;
		};
		84B88AFF24B0C8280072248E /* Build configuration list for PBXNativeTarget "ToDoListRealm" */ = {
			isa = XCConfigurationList;
			buildConfigurations = (
				84B88B0024B0C8280072248E /* Debug */,
				84B88B0124B0C8280072248E /* Release */,
			);
			defaultConfigurationIsVisible = 0;
			defaultConfigurationName = Release;
		};
/* End XCConfigurationList section */
	};
	rootObject = 84B88AE324B0C8230072248E /* Project object */;
}
